<?xml version="1.0" encoding="utf-8"?>
<Project ToolsVersion="4.0" xmlns="http://schemas.microsoft.com/developer/msbuild/2003">
  <ItemGroup>
    <Filter Include="Source Files">
      <UniqueIdentifier>{42fb7e3b-b222-487a-bb26-33e015489f13}</UniqueIdentifier>
      <Extensions>cpp;c;cxx;def;odl;idl;hpj;bat;asm</Extensions>
    </Filter>
    <Filter Include="Header Files">
      <UniqueIdentifier>{8fb9c6ea-ea21-440f-b99b-e8604cbcb0ed}</UniqueIdentifier>
      <Extensions>h;hpp;hxx;hm;inl;inc</Extensions>
    </Filter>
  </ItemGroup>
  <ItemGroup>
    <ClCompile Include="Blowfish.cpp">
      <Filter>Source Files</Filter>
    </ClCompile>
  </ItemGroup>
  <ItemGroup>
    <ClInclude Include="Blowfish.h">
      <Filter>Header Files</Filter>
    </ClInclude>
    <ClInclude Include="sboxs.h">
      <Filter>Header Files</Filter>
    </ClInclude>
  </ItemGroup>
</Project>